// !$*UTF8*$!
{
	archiveVersion = 1;
	classes = {
	};
	objectVersion = 56;
	objects = {

/* Begin PBXBuildFile section */
		DD0A07972A28AB580031B8BC /* MainTabView.swift in Sources */ = {isa = PBXBuildFile; fileRef = DD0A07962A28AB580031B8BC /* MainTabView.swift */; };
		DD0A079F2A28AECA0031B8BC /* NotificationsView.swift in Sources */ = {isa = PBXBuildFile; fileRef = DD0A079E2A28AECA0031B8BC /* NotificationsView.swift */; };
		DD0A07A12A28AEEF0031B8BC /* MessagesView.swift in Sources */ = {isa = PBXBuildFile; fileRef = DD0A07A02A28AEEF0031B8BC /* MessagesView.swift */; };
		DD3178432A2800010095AB30 /* TwitterCloneApp.swift in Sources */ = {isa = PBXBuildFile; fileRef = DD3178422A2800010095AB30 /* TwitterCloneApp.swift */; };
		DD3178452A2800010095AB30 /* ContentView.swift in Sources */ = {isa = PBXBuildFile; fileRef = DD3178442A2800010095AB30 /* ContentView.swift */; };
		DD3178472A2800020095AB30 /* Assets.xcassets in Resources */ = {isa = PBXBuildFile; fileRef = DD3178462A2800020095AB30 /* Assets.xcassets */; };
		DD31784A2A2800020095AB30 /* Preview Assets.xcassets in Resources */ = {isa = PBXBuildFile; fileRef = DD3178492A2800020095AB30 /* Preview Assets.xcassets */; };
		DD31785B2A2803AB0095AB30 /* FeedView.swift in Sources */ = {isa = PBXBuildFile; fileRef = DD31785A2A2803AB0095AB30 /* FeedView.swift */; };
		DD31785E2A28058A0095AB30 /* TweetRowView.swift in Sources */ = {isa = PBXBuildFile; fileRef = DD31785D2A28058A0095AB30 /* TweetRowView.swift */; };
		DD334B262A2B929A006F64ED /* SideMenuView.swift in Sources */ = {isa = PBXBuildFile; fileRef = DD334B252A2B929A006F64ED /* SideMenuView.swift */; };
		DD334B282A2B92F4006F64ED /* SideMenuRowView.swift in Sources */ = {isa = PBXBuildFile; fileRef = DD334B272A2B92F4006F64ED /* SideMenuRowView.swift */; };
		DD334B2A2A2B943E006F64ED /* SideMenuViewModel.swift in Sources */ = {isa = PBXBuildFile; fileRef = DD334B292A2B943E006F64ED /* SideMenuViewModel.swift */; };
		DD334B2C2A2BA20D006F64ED /* UserStatsView.swift in Sources */ = {isa = PBXBuildFile; fileRef = DD334B2B2A2BA20D006F64ED /* UserStatsView.swift */; };
		DD334B2E2A2BA985006F64ED /* Extensions.swift in Sources */ = {isa = PBXBuildFile; fileRef = DD334B2D2A2BA985006F64ED /* Extensions.swift */; };
		DD334B302A2BA995006F64ED /* Model.swift in Sources */ = {isa = PBXBuildFile; fileRef = DD334B2F2A2BA995006F64ED /* Model.swift */; };
		DD334B322A2BA9A0006F64ED /* Service.swift in Sources */ = {isa = PBXBuildFile; fileRef = DD334B312A2BA9A0006F64ED /* Service.swift */; };
		DD334B342A2BA9BE006F64ED /* ExploreViewModel.swift in Sources */ = {isa = PBXBuildFile; fileRef = DD334B332A2BA9BE006F64ED /* ExploreViewModel.swift */; };
		DD334B362A2BA9D7006F64ED /* FeedViewModel.swift in Sources */ = {isa = PBXBuildFile; fileRef = DD334B352A2BA9D7006F64ED /* FeedViewModel.swift */; };
		DD44D4132A28B175002C8896 /* ExploreView.swift in Sources */ = {isa = PBXBuildFile; fileRef = DD44D4122A28B175002C8896 /* ExploreView.swift */; };
		DD6723C02A2A9F7100F9354D /* UserRowView.swift in Sources */ = {isa = PBXBuildFile; fileRef = DD6723BF2A2A9F7100F9354D /* UserRowView.swift */; };
		DD9B88492A2A070900C3D182 /* TweetFilterViewModel.swift in Sources */ = {isa = PBXBuildFile; fileRef = DD9B88482A2A070900C3D182 /* TweetFilterViewModel.swift */; };
		DDA1AFB92A29381100C5EBFE /* ProfileView.swift in Sources */ = {isa = PBXBuildFile; fileRef = DDA1AFB82A29381100C5EBFE /* ProfileView.swift */; };
		DDAD134E2A2CB45A006B5673 /* NewTweetView.swift in Sources */ = {isa = PBXBuildFile; fileRef = DDAD134D2A2CB45A006B5673 /* NewTweetView.swift */; };
		DDAD13502A2CB9D5006B5673 /* TextArea.swift in Sources */ = {isa = PBXBuildFile; fileRef = DDAD134F2A2CB9D5006B5673 /* TextArea.swift */; };
/* End PBXBuildFile section */

/* Begin PBXFileReference section */
		DD0A07962A28AB580031B8BC /* MainTabView.swift */ = {isa = PBXFileReference; lastKnownFileType = sourcecode.swift; path = MainTabView.swift; sourceTree = "<group>"; };
		DD0A079E2A28AECA0031B8BC /* NotificationsView.swift */ = {isa = PBXFileReference; lastKnownFileType = sourcecode.swift; path = NotificationsView.swift; sourceTree = "<group>"; };
		DD0A07A02A28AEEF0031B8BC /* MessagesView.swift */ = {isa = PBXFileReference; lastKnownFileType = sourcecode.swift; path = MessagesView.swift; sourceTree = "<group>"; };
		DD31783F2A2800010095AB30 /* TwitterClone.app */ = {isa = PBXFileReference; explicitFileType = wrapper.application; includeInIndex = 0; path = TwitterClone.app; sourceTree = BUILT_PRODUCTS_DIR; };
		DD3178422A2800010095AB30 /* TwitterCloneApp.swift */ = {isa = PBXFileReference; lastKnownFileType = sourcecode.swift; path = TwitterCloneApp.swift; sourceTree = "<group>"; };
		DD3178442A2800010095AB30 /* ContentView.swift */ = {isa = PBXFileReference; lastKnownFileType = sourcecode.swift; path = ContentView.swift; sourceTree = "<group>"; };
		DD3178462A2800020095AB30 /* Assets.xcassets */ = {isa = PBXFileReference; lastKnownFileType = folder.assetcatalog; path = Assets.xcassets; sourceTree = "<group>"; };
		DD3178492A2800020095AB30 /* Preview Assets.xcassets */ = {isa = PBXFileReference; lastKnownFileType = folder.assetcatalog; path = "Preview Assets.xcassets"; sourceTree = "<group>"; };
		DD31785A2A2803AB0095AB30 /* FeedView.swift */ = {isa = PBXFileReference; lastKnownFileType = sourcecode.swift; path = FeedView.swift; sourceTree = "<group>"; };
		DD31785D2A28058A0095AB30 /* TweetRowView.swift */ = {isa = PBXFileReference; lastKnownFileType = sourcecode.swift; path = TweetRowView.swift; sourceTree = "<group>"; };
		DD334B252A2B929A006F64ED /* SideMenuView.swift */ = {isa = PBXFileReference; lastKnownFileType = sourcecode.swift; path = SideMenuView.swift; sourceTree = "<group>"; };
		DD334B272A2B92F4006F64ED /* SideMenuRowView.swift */ = {isa = PBXFileReference; lastKnownFileType = sourcecode.swift; path = SideMenuRowView.swift; sourceTree = "<group>"; };
		DD334B292A2B943E006F64ED /* SideMenuViewModel.swift */ = {isa = PBXFileReference; lastKnownFileType = sourcecode.swift; path = SideMenuViewModel.swift; sourceTree = "<group>"; };
		DD334B2B2A2BA20D006F64ED /* UserStatsView.swift */ = {isa = PBXFileReference; lastKnownFileType = sourcecode.swift; path = UserStatsView.swift; sourceTree = "<group>"; };
		DD334B2D2A2BA985006F64ED /* Extensions.swift */ = {isa = PBXFileReference; lastKnownFileType = sourcecode.swift; path = Extensions.swift; sourceTree = "<group>"; };
		DD334B2F2A2BA995006F64ED /* Model.swift */ = {isa = PBXFileReference; lastKnownFileType = sourcecode.swift; path = Model.swift; sourceTree = "<group>"; };
		DD334B312A2BA9A0006F64ED /* Service.swift */ = {isa = PBXFileReference; lastKnownFileType = sourcecode.swift; path = Service.swift; sourceTree = "<group>"; };
		DD334B332A2BA9BE006F64ED /* ExploreViewModel.swift */ = {isa = PBXFileReference; lastKnownFileType = sourcecode.swift; path = ExploreViewModel.swift; sourceTree = "<group>"; };
		DD334B352A2BA9D7006F64ED /* FeedViewModel.swift */ = {isa = PBXFileReference; lastKnownFileType = sourcecode.swift; path = FeedViewModel.swift; sourceTree = "<group>"; };
		DD44D4122A28B175002C8896 /* ExploreView.swift */ = {isa = PBXFileReference; lastKnownFileType = sourcecode.swift; path = ExploreView.swift; sourceTree = "<group>"; };
		DD6723BF2A2A9F7100F9354D /* UserRowView.swift */ = {isa = PBXFileReference; lastKnownFileType = sourcecode.swift; path = UserRowView.swift; sourceTree = "<group>"; };
		DD9B88482A2A070900C3D182 /* TweetFilterViewModel.swift */ = {isa = PBXFileReference; lastKnownFileType = sourcecode.swift; path = TweetFilterViewModel.swift; sourceTree = "<group>"; };
		DDA1AFB82A29381100C5EBFE /* ProfileView.swift */ = {isa = PBXFileReference; lastKnownFileType = sourcecode.swift; path = ProfileView.swift; sourceTree = "<group>"; };
		DDAD134D2A2CB45A006B5673 /* NewTweetView.swift */ = {isa = PBXFileReference; lastKnownFileType = sourcecode.swift; path = NewTweetView.swift; sourceTree = "<group>"; };
		DDAD134F2A2CB9D5006B5673 /* TextArea.swift */ = {isa = PBXFileReference; lastKnownFileType = sourcecode.swift; path = TextArea.swift; sourceTree = "<group>"; };
/* End PBXFileReference section */

/* Begin PBXFrameworksBuildPhase section */
		DD31783C2A2800010095AB30 /* Frameworks */ = {
			isa = PBXFrameworksBuildPhase;
			buildActionMask = 2147483647;
			files = (
			);
			runOnlyForDeploymentPostprocessing = 0;
		};
/* End PBXFrameworksBuildPhase section */

/* Begin PBXGroup section */
		DD0A07952A28AB2D0031B8BC /* MainTab */ = {
			isa = PBXGroup;
			children = (
				DD0A07962A28AB580031B8BC /* MainTabView.swift */,
			);
			path = MainTab;
			sourceTree = "<group>";
		};
		DD0A07982A28ADF90031B8BC /* Messages */ = {
			isa = PBXGroup;
			children = (
				DD0A07A02A28AEEF0031B8BC /* MessagesView.swift */,
			);
			path = Messages;
			sourceTree = "<group>";
		};
		DD0A079A2A28ADFF0031B8BC /* Notifications */ = {
			isa = PBXGroup;
			children = (
				DD0A079E2A28AECA0031B8BC /* NotificationsView.swift */,
			);
			path = Notifications;
			sourceTree = "<group>";
		};
		DD0A079B2A28AE510031B8BC /* Profile */ = {
			isa = PBXGroup;
			children = (
				DDA1AFB72A2937D100C5EBFE /* ViewModels */,
				DDA1AFB62A2937CF00C5EBFE /* Views */,
			);
			path = Profile;
			sourceTree = "<group>";
		};
		DD3178362A2800010095AB30 = {
			isa = PBXGroup;
			children = (
				DD3178412A2800010095AB30 /* TwitterClone */,
				DD3178402A2800010095AB30 /* Products */,
			);
			sourceTree = "<group>";
		};
		DD3178402A2800010095AB30 /* Products */ = {
			isa = PBXGroup;
			children = (
				DD31783F2A2800010095AB30 /* TwitterClone.app */,
			);
			name = Products;
			sourceTree = "<group>";
		};
		DD3178412A2800010095AB30 /* TwitterClone */ = {
			isa = PBXGroup;
			children = (
				DD3178532A28005D0095AB30 /* Extensions */,
				DD3178522A28005A0095AB30 /* Model */,
				DD3178512A2800560095AB30 /* Service */,
				DD3178502A2800530095AB30 /* Core */,
				DD3178422A2800010095AB30 /* TwitterCloneApp.swift */,
				DD3178442A2800010095AB30 /* ContentView.swift */,
				DD3178462A2800020095AB30 /* Assets.xcassets */,
				DD3178482A2800020095AB30 /* Preview Content */,
			);
			path = TwitterClone;
			sourceTree = "<group>";
		};
		DD3178482A2800020095AB30 /* Preview Content */ = {
			isa = PBXGroup;
			children = (
				DD3178492A2800020095AB30 /* Preview Assets.xcassets */,
			);
			path = "Preview Content";
			sourceTree = "<group>";
		};
		DD3178502A2800530095AB30 /* Core */ = {
			isa = PBXGroup;
			children = (
				DD3178552A2800A60095AB30 /* Components */,
				DDAD134A2A2CB3FD006B5673 /* UploadTweet */,
				DD334B222A2B9249006F64ED /* SideMenu */,
				DD0A079B2A28AE510031B8BC /* Profile */,
				DD44D4112A28B151002C8896 /* Explore */,
				DD0A079A2A28ADFF0031B8BC /* Notifications */,
				DD0A07982A28ADF90031B8BC /* Messages */,
				DD0A07952A28AB2D0031B8BC /* MainTab */,
				DD3178542A2800A30095AB30 /* Feed */,
			);
			path = Core;
			sourceTree = "<group>";
		};
		DD3178512A2800560095AB30 /* Service */ = {
			isa = PBXGroup;
			children = (
				DD334B312A2BA9A0006F64ED /* Service.swift */,
			);
			path = Service;
			sourceTree = "<group>";
		};
		DD3178522A28005A0095AB30 /* Model */ = {
			isa = PBXGroup;
			children = (
				DD334B2F2A2BA995006F64ED /* Model.swift */,
			);
			path = Model;
			sourceTree = "<group>";
		};
		DD3178532A28005D0095AB30 /* Extensions */ = {
			isa = PBXGroup;
			children = (
				DD334B2D2A2BA985006F64ED /* Extensions.swift */,
			);
			path = Extensions;
			sourceTree = "<group>";
		};
		DD3178542A2800A30095AB30 /* Feed */ = {
			isa = PBXGroup;
			children = (
				DD44D4102A28B0F1002C8896 /* ViewModels */,
				DD3178582A2802A70095AB30 /* View */,
			);
			path = Feed;
			sourceTree = "<group>";
		};
		DD3178552A2800A60095AB30 /* Components */ = {
			isa = PBXGroup;
			children = (
				DD6723BE2A2A9F5600F9354D /* Users */,
				DD31785C2A2804E50095AB30 /* Tweets */,
				DDAD134F2A2CB9D5006B5673 /* TextArea.swift */,
			);
			path = Components;
			sourceTree = "<group>";
		};
		DD3178582A2802A70095AB30 /* View */ = {
			isa = PBXGroup;
			children = (
				DD31785A2A2803AB0095AB30 /* FeedView.swift */,
			);
			path = View;
			sourceTree = "<group>";
		};
		DD31785C2A2804E50095AB30 /* Tweets */ = {
			isa = PBXGroup;
			children = (
				DD31785D2A28058A0095AB30 /* TweetRowView.swift */,
			);
			path = Tweets;
			sourceTree = "<group>";
		};
		DD334B222A2B9249006F64ED /* SideMenu */ = {
			isa = PBXGroup;
			children = (
				DD334B242A2B9272006F64ED /* ViewModels */,
				DD334B232A2B926F006F64ED /* Views */,
			);
			path = SideMenu;
			sourceTree = "<group>";
		};
		DD334B232A2B926F006F64ED /* Views */ = {
			isa = PBXGroup;
			children = (
				DD334B252A2B929A006F64ED /* SideMenuView.swift */,
				DD334B272A2B92F4006F64ED /* SideMenuRowView.swift */,
			);
			path = Views;
			sourceTree = "<group>";
		};
		DD334B242A2B9272006F64ED /* ViewModels */ = {
			isa = PBXGroup;
			children = (
				DD334B292A2B943E006F64ED /* SideMenuViewModel.swift */,
			);
			path = ViewModels;
			sourceTree = "<group>";
		};
		DD44D4102A28B0F1002C8896 /* ViewModels */ = {
			isa = PBXGroup;
			children = (
				DD334B352A2BA9D7006F64ED /* FeedViewModel.swift */,
			);
			path = ViewModels;
			sourceTree = "<group>";
		};
		DD44D4112A28B151002C8896 /* Explore */ = {
			isa = PBXGroup;
			children = (
				DD6723BD2A2A9F1200F9354D /* ViewModels */,
				DD6723BC2A2A9F0F00F9354D /* Views */,
			);
			path = Explore;
			sourceTree = "<group>";
		};
		DD6723BC2A2A9F0F00F9354D /* Views */ = {
			isa = PBXGroup;
			children = (
				DD44D4122A28B175002C8896 /* ExploreView.swift */,
			);
			path = Views;
			sourceTree = "<group>";
		};
		DD6723BD2A2A9F1200F9354D /* ViewModels */ = {
			isa = PBXGroup;
			children = (
				DD334B332A2BA9BE006F64ED /* ExploreViewModel.swift */,
			);
			path = ViewModels;
			sourceTree = "<group>";
		};
		DD6723BE2A2A9F5600F9354D /* Users */ = {
			isa = PBXGroup;
			children = (
				DD6723BF2A2A9F7100F9354D /* UserRowView.swift */,
				DD334B2B2A2BA20D006F64ED /* UserStatsView.swift */,
			);
			path = Users;
			sourceTree = "<group>";
		};
		DDA1AFB62A2937CF00C5EBFE /* Views */ = {
			isa = PBXGroup;
			children = (
				DDA1AFB82A29381100C5EBFE /* ProfileView.swift */,
			);
			path = Views;
			sourceTree = "<group>";
		};
		DDA1AFB72A2937D100C5EBFE /* ViewModels */ = {
			isa = PBXGroup;
			children = (
				DD9B88482A2A070900C3D182 /* TweetFilterViewModel.swift */,
			);
			path = ViewModels;
			sourceTree = "<group>";
		};
		DDAD134A2A2CB3FD006B5673 /* UploadTweet */ = {
			isa = PBXGroup;
			children = (
				DDAD134C2A2CB40D006B5673 /* ViewModels */,
				DDAD134B2A2CB40A006B5673 /* Views */,
			);
			path = UploadTweet;
			sourceTree = "<group>";
		};
		DDAD134B2A2CB40A006B5673 /* Views */ = {
			isa = PBXGroup;
			children = (
				DDAD134D2A2CB45A006B5673 /* NewTweetView.swift */,
			);
			path = Views;
			sourceTree = "<group>";
		};
		DDAD134C2A2CB40D006B5673 /* ViewModels */ = {
			isa = PBXGroup;
			children = (
			);
			path = ViewModels;
			sourceTree = "<group>";
		};
/* End PBXGroup section */

/* Begin PBXNativeTarget section */
		DD31783E2A2800010095AB30 /* TwitterClone */ = {
			isa = PBXNativeTarget;
			buildConfigurationList = DD31784D2A2800020095AB30 /* Build configuration list for PBXNativeTarget "TwitterClone" */;
			buildPhases = (
				DD31783B2A2800010095AB30 /* Sources */,
				DD31783C2A2800010095AB30 /* Frameworks */,
				DD31783D2A2800010095AB30 /* Resources */,
			);
			buildRules = (
			);
			dependencies = (
			);
			name = TwitterClone;
			productName = TwitterClone;
			productReference = DD31783F2A2800010095AB30 /* TwitterClone.app */;
			productType = "com.apple.product-type.application";
		};
/* End PBXNativeTarget section */

/* Begin PBXProject section */
		DD3178372A2800010095AB30 /* Project object */ = {
			isa = PBXProject;
			attributes = {
				BuildIndependentTargetsInParallel = 1;
				LastSwiftUpdateCheck = 1430;
				LastUpgradeCheck = 1430;
				TargetAttributes = {
					DD31783E2A2800010095AB30 = {
						CreatedOnToolsVersion = 14.3;
					};
				};
			};
			buildConfigurationList = DD31783A2A2800010095AB30 /* Build configuration list for PBXProject "TwitterClone" */;
			compatibilityVersion = "Xcode 14.0";
			developmentRegion = en;
			hasScannedForEncodings = 0;
			knownRegions = (
				en,
				Base,
			);
			mainGroup = DD3178362A2800010095AB30;
			productRefGroup = DD3178402A2800010095AB30 /* Products */;
			projectDirPath = "";
			projectRoot = "";
			targets = (
				DD31783E2A2800010095AB30 /* TwitterClone */,
			);
		};
/* End PBXProject section */

/* Begin PBXResourcesBuildPhase section */
		DD31783D2A2800010095AB30 /* Resources */ = {
			isa = PBXResourcesBuildPhase;
			buildActionMask = 2147483647;
			files = (
				DD31784A2A2800020095AB30 /* Preview Assets.xcassets in Resources */,
				DD3178472A2800020095AB30 /* Assets.xcassets in Resources */,
			);
			runOnlyForDeploymentPostprocessing = 0;
		};
/* End PBXResourcesBuildPhase section */

/* Begin PBXSourcesBuildPhase section */
		DD31783B2A2800010095AB30 /* Sources */ = {
			isa = PBXSourcesBuildPhase;
			buildActionMask = 2147483647;
			files = (
				DD0A07A12A28AEEF0031B8BC /* MessagesView.swift in Sources */,
				DDA1AFB92A29381100C5EBFE /* ProfileView.swift in Sources */,
				DD3178452A2800010095AB30 /* ContentView.swift in Sources */,
				DD334B282A2B92F4006F64ED /* SideMenuRowView.swift in Sources */,
				DD44D4132A28B175002C8896 /* ExploreView.swift in Sources */,
				DD334B322A2BA9A0006F64ED /* Service.swift in Sources */,
				DD9B88492A2A070900C3D182 /* TweetFilterViewModel.swift in Sources */,
				DDAD134E2A2CB45A006B5673 /* NewTweetView.swift in Sources */,
				DD31785E2A28058A0095AB30 /* TweetRowView.swift in Sources */,
				DD334B262A2B929A006F64ED /* SideMenuView.swift in Sources */,
				DD31785B2A2803AB0095AB30 /* FeedView.swift in Sources */,
				DD334B362A2BA9D7006F64ED /* FeedViewModel.swift in Sources */,
				DD3178432A2800010095AB30 /* TwitterCloneApp.swift in Sources */,
				DDAD13502A2CB9D5006B5673 /* TextArea.swift in Sources */,
				DD334B302A2BA995006F64ED /* Model.swift in Sources */,
				DD334B2A2A2B943E006F64ED /* SideMenuViewModel.swift in Sources */,
				DD334B2E2A2BA985006F64ED /* Extensions.swift in Sources */,
				DD6723C02A2A9F7100F9354D /* UserRowView.swift in Sources */,
				DD0A07972A28AB580031B8BC /* MainTabView.swift in Sources */,
				DD0A079F2A28AECA0031B8BC /* NotificationsView.swift in Sources */,
				DD334B342A2BA9BE006F64ED /* ExploreViewModel.swift in Sources */,
				DD334B2C2A2BA20D006F64ED /* UserStatsView.swift in Sources */,
			);
			runOnlyForDeploymentPostprocessing = 0;
		};
/* End PBXSourcesBuildPhase section */

/* Begin XCBuildConfiguration section */
		DD31784B2A2800020095AB30 /* Debug */ = {
			isa = XCBuildConfiguration;
			buildSettings = {
				ALWAYS_SEARCH_USER_PATHS = NO;
				CLANG_ANALYZER_NONNULL = YES;
				CLANG_ANALYZER_NUMBER_OBJECT_CONVERSION = YES_AGGRESSIVE;
				CLANG_CXX_LANGUAGE_STANDARD = "gnu++20";
				CLANG_ENABLE_MODULES = YES;
				CLANG_ENABLE_OBJC_ARC = YES;
				CLANG_ENABLE_OBJC_WEAK = YES;
				CLANG_WARN_BLOCK_CAPTURE_AUTORELEASING = YES;
				CLANG_WARN_BOOL_CONVERSION = YES;
				CLANG_WARN_COMMA = YES;
				CLANG_WARN_CONSTANT_CONVERSION = YES;
				CLANG_WARN_DEPRECATED_OBJC_IMPLEMENTATIONS = YES;
				CLANG_WARN_DIRECT_OBJC_ISA_USAGE = YES_ERROR;
				CLANG_WARN_DOCUMENTATION_COMMENTS = YES;
				CLANG_WARN_EMPTY_BODY = YES;
				CLANG_WARN_ENUM_CONVERSION = YES;
				CLANG_WARN_INFINITE_RECURSION = YES;
				CLANG_WARN_INT_CONVERSION = YES;
				CLANG_WARN_NON_LITERAL_NULL_CONVERSION = YES;
				CLANG_WARN_OBJC_IMPLICIT_RETAIN_SELF = YES;
				CLANG_WARN_OBJC_LITERAL_CONVERSION = YES;
				CLANG_WARN_OBJC_ROOT_CLASS = YES_ERROR;
				CLANG_WARN_QUOTED_INCLUDE_IN_FRAMEWORK_HEADER = YES;
				CLANG_WARN_RANGE_LOOP_ANALYSIS = YES;
				CLANG_WARN_STRICT_PROTOTYPES = YES;
				CLANG_WARN_SUSPICIOUS_MOVE = YES;
				CLANG_WARN_UNGUARDED_AVAILABILITY = YES_AGGRESSIVE;
				CLANG_WARN_UNREACHABLE_CODE = YES;
				CLANG_WARN__DUPLICATE_METHOD_MATCH = YES;
				COPY_PHASE_STRIP = NO;
				DEBUG_INFORMATION_FORMAT = dwarf;
				ENABLE_STRICT_OBJC_MSGSEND = YES;
				ENABLE_TESTABILITY = YES;
				GCC_C_LANGUAGE_STANDARD = gnu11;
				GCC_DYNAMIC_NO_PIC = NO;
				GCC_NO_COMMON_BLOCKS = YES;
				GCC_OPTIMIZATION_LEVEL = 0;
				GCC_PREPROCESSOR_DEFINITIONS = (
					"DEBUG=1",
					"$(inherited)",
				);
				GCC_WARN_64_TO_32_BIT_CONVERSION = YES;
				GCC_WARN_ABOUT_RETURN_TYPE = YES_ERROR;
				GCC_WARN_UNDECLARED_SELECTOR = YES;
				GCC_WARN_UNINITIALIZED_AUTOS = YES_AGGRESSIVE;
				GCC_WARN_UNUSED_FUNCTION = YES;
				GCC_WARN_UNUSED_VARIABLE = YES;
				IPHONEOS_DEPLOYMENT_TARGET = 16.4;
				MTL_ENABLE_DEBUG_INFO = INCLUDE_SOURCE;
				MTL_FAST_MATH = YES;
				ONLY_ACTIVE_ARCH = YES;
				SDKROOT = iphoneos;
				SWIFT_ACTIVE_COMPILATION_CONDITIONS = DEBUG;
				SWIFT_OPTIMIZATION_LEVEL = "-Onone";
			};
			name = Debug;
		};
		DD31784C2A2800020095AB30 /* Release */ = {
			isa = XCBuildConfiguration;
			buildSettings = {
				ALWAYS_SEARCH_USER_PATHS = NO;
				CLANG_ANALYZER_NONNULL = YES;
				CLANG_ANALYZER_NUMBER_OBJECT_CONVERSION = YES_AGGRESSIVE;
				CLANG_CXX_LANGUAGE_STANDARD = "gnu++20";
				CLANG_ENABLE_MODULES = YES;
				CLANG_ENABLE_OBJC_ARC = YES;
				CLANG_ENABLE_OBJC_WEAK = YES;
				CLANG_WARN_BLOCK_CAPTURE_AUTORELEASING = YES;
				CLANG_WARN_BOOL_CONVERSION = YES;
				CLANG_WARN_COMMA = YES;
				CLANG_WARN_CONSTANT_CONVERSION = YES;
				CLANG_WARN_DEPRECATED_OBJC_IMPLEMENTATIONS = YES;
				CLANG_WARN_DIRECT_OBJC_ISA_USAGE = YES_ERROR;
				CLANG_WARN_DOCUMENTATION_COMMENTS = YES;
				CLANG_WARN_EMPTY_BODY = YES;
				CLANG_WARN_ENUM_CONVERSION = YES;
				CLANG_WARN_INFINITE_RECURSION = YES;
				CLANG_WARN_INT_CONVERSION = YES;
				CLANG_WARN_NON_LITERAL_NULL_CONVERSION = YES;
				CLANG_WARN_OBJC_IMPLICIT_RETAIN_SELF = YES;
				CLANG_WARN_OBJC_LITERAL_CONVERSION = YES;
				CLANG_WARN_OBJC_ROOT_CLASS = YES_ERROR;
				CLANG_WARN_QUOTED_INCLUDE_IN_FRAMEWORK_HEADER = YES;
				CLANG_WARN_RANGE_LOOP_ANALYSIS = YES;
				CLANG_WARN_STRICT_PROTOTYPES = YES;
				CLANG_WARN_SUSPICIOUS_MOVE = YES;
				CLANG_WARN_UNGUARDED_AVAILABILITY = YES_AGGRESSIVE;
				CLANG_WARN_UNREACHABLE_CODE = YES;
				CLANG_WARN__DUPLICATE_METHOD_MATCH = YES;
				COPY_PHASE_STRIP = NO;
				DEBUG_INFORMATION_FORMAT = "dwarf-with-dsym";
				ENABLE_NS_ASSERTIONS = NO;
				ENABLE_STRICT_OBJC_MSGSEND = YES;
				GCC_C_LANGUAGE_STANDARD = gnu11;
				GCC_NO_COMMON_BLOCKS = YES;
				GCC_WARN_64_TO_32_BIT_CONVERSION = YES;
				GCC_WARN_ABOUT_RETURN_TYPE = YES_ERROR;
				GCC_WARN_UNDECLARED_SELECTOR = YES;
				GCC_WARN_UNINITIALIZED_AUTOS = YES_AGGRESSIVE;
				GCC_WARN_UNUSED_FUNCTION = YES;
				GCC_WARN_UNUSED_VARIABLE = YES;
				IPHONEOS_DEPLOYMENT_TARGET = 16.4;
				MTL_ENABLE_DEBUG_INFO = NO;
				MTL_FAST_MATH = YES;
				SDKROOT = iphoneos;
				SWIFT_COMPILATION_MODE = wholemodule;
				SWIFT_OPTIMIZATION_LEVEL = "-O";
				VALIDATE_PRODUCT = YES;
			};
			name = Release;
		};
		DD31784E2A2800020095AB30 /* Debug */ = {
			isa = XCBuildConfiguration;
			buildSettings = {
				ASSETCATALOG_COMPILER_APPICON_NAME = AppIcon;
				ASSETCATALOG_COMPILER_GLOBAL_ACCENT_COLOR_NAME = AccentColor;
				CODE_SIGN_STYLE = Automatic;
				CURRENT_PROJECT_VERSION = 1;
				DEVELOPMENT_ASSET_PATHS = "\"TwitterClone/Preview Content\"";
				ENABLE_PREVIEWS = YES;
				GENERATE_INFOPLIST_FILE = YES;
				INFOPLIST_KEY_UIApplicationSceneManifest_Generation = YES;
				INFOPLIST_KEY_UIApplicationSupportsIndirectInputEvents = YES;
				INFOPLIST_KEY_UILaunchScreen_Generation = YES;
				INFOPLIST_KEY_UISupportedInterfaceOrientations_iPad = "UIInterfaceOrientationPortrait UIInterfaceOrientationPortraitUpsideDown UIInterfaceOrientationLandscapeLeft UIInterfaceOrientationLandscapeRight";
				INFOPLIST_KEY_UISupportedInterfaceOrientations_iPhone = "UIInterfaceOrientationPortrait UIInterfaceOrientationLandscapeLeft UIInterfaceOrientationLandscapeRight";
				LD_RUNPATH_SEARCH_PATHS = (
					"$(inherited)",
					"@executable_path/Frameworks",
				);
				MARKETING_VERSION = 1.0;
				PRODUCT_BUNDLE_IDENTIFIER = com.carlosvagnoni.TwitterClone;
				PRODUCT_NAME = "$(TARGET_NAME)";
				SWIFT_EMIT_LOC_STRINGS = YES;
				SWIFT_VERSION = 5.0;
				TARGETED_DEVICE_FAMILY = "1,2";
			};
			name = Debug;
		};
		DD31784F2A2800020095AB30 /* Release */ = {
			isa = XCBuildConfiguration;
			buildSettings = {
				ASSETCATALOG_COMPILER_APPICON_NAME = AppIcon;
				ASSETCATALOG_COMPILER_GLOBAL_ACCENT_COLOR_NAME = AccentColor;
				CODE_SIGN_STYLE = Automatic;
				CURRENT_PROJECT_VERSION = 1;
				DEVELOPMENT_ASSET_PATHS = "\"TwitterClone/Preview Content\"";
				ENABLE_PREVIEWS = YES;
				GENERATE_INFOPLIST_FILE = YES;
				INFOPLIST_KEY_UIApplicationSceneManifest_Generation = YES;
				INFOPLIST_KEY_UIApplicationSupportsIndirectInputEvents = YES;
				INFOPLIST_KEY_UILaunchScreen_Generation = YES;
				INFOPLIST_KEY_UISupportedInterfaceOrientations_iPad = "UIInterfaceOrientationPortrait UIInterfaceOrientationPortraitUpsideDown UIInterfaceOrientationLandscapeLeft UIInterfaceOrientationLandscapeRight";
				INFOPLIST_KEY_UISupportedInterfaceOrientations_iPhone = "UIInterfaceOrientationPortrait UIInterfaceOrientationLandscapeLeft UIInterfaceOrientationLandscapeRight";
				LD_RUNPATH_SEARCH_PATHS = (
					"$(inherited)",
					"@executable_path/Frameworks",
				);
				MARKETING_VERSION = 1.0;
				PRODUCT_BUNDLE_IDENTIFIER = com.carlosvagnoni.TwitterClone;
				PRODUCT_NAME = "$(TARGET_NAME)";
				SWIFT_EMIT_LOC_STRINGS = YES;
				SWIFT_VERSION = 5.0;
				TARGETED_DEVICE_FAMILY = "1,2";
			};
			name = Release;
		};
/* End XCBuildConfiguration section */

/* Begin XCConfigurationList section */
		DD31783A2A2800010095AB30 /* Build configuration list for PBXProject "TwitterClone" */ = {
			isa = XCConfigurationList;
			buildConfigurations = (
				DD31784B2A2800020095AB30 /* Debug */,
				DD31784C2A2800020095AB30 /* Release */,
			);
			defaultConfigurationIsVisible = 0;
			defaultConfigurationName = Release;
		};
		DD31784D2A2800020095AB30 /* Build configuration list for PBXNativeTarget "TwitterClone" */ = {
			isa = XCConfigurationList;
			buildConfigurations = (
				DD31784E2A2800020095AB30 /* Debug */,
				DD31784F2A2800020095AB30 /* Release */,
			);
			defaultConfigurationIsVisible = 0;
			defaultConfigurationName = Release;
		};
/* End XCConfigurationList section */
	};
	rootObject = DD3178372A2800010095AB30 /* Project object */;
}
