// !$*UTF8*$!
{
	archiveVersion = 1;
	classes = {
	};
	objectVersion = 56;
	objects = {

/* Begin PBXBuildFile section */
		DD0160052A36AE1B004F45AA /* ImageUploader.swift in Sources */ = {isa = PBXBuildFile; fileRef = DD0160042A36AE1B004F45AA /* ImageUploader.swift */; };
		DD0A07972A28AB580031B8BC /* MainTabView.swift in Sources */ = {isa = PBXBuildFile; fileRef = DD0A07962A28AB580031B8BC /* MainTabView.swift */; };
		DD0A079F2A28AECA0031B8BC /* NotificationsView.swift in Sources */ = {isa = PBXBuildFile; fileRef = DD0A079E2A28AECA0031B8BC /* NotificationsView.swift */; };
		DD0A07A12A28AEEF0031B8BC /* MessagesView.swift in Sources */ = {isa = PBXBuildFile; fileRef = DD0A07A02A28AEEF0031B8BC /* MessagesView.swift */; };
		DD0AB49F2A3C7110001A730E /* TweetService.swift in Sources */ = {isa = PBXBuildFile; fileRef = DD0AB49E2A3C7110001A730E /* TweetService.swift */; };
		DD0AB4A12A3C7835001A730E /* UploadTweetViewModel.swift in Sources */ = {isa = PBXBuildFile; fileRef = DD0AB4A02A3C7835001A730E /* UploadTweetViewModel.swift */; };
		DD3178432A2800010095AB30 /* TwitterCloneApp.swift in Sources */ = {isa = PBXBuildFile; fileRef = DD3178422A2800010095AB30 /* TwitterCloneApp.swift */; };
		DD3178452A2800010095AB30 /* ContentView.swift in Sources */ = {isa = PBXBuildFile; fileRef = DD3178442A2800010095AB30 /* ContentView.swift */; };
		DD3178472A2800020095AB30 /* Assets.xcassets in Resources */ = {isa = PBXBuildFile; fileRef = DD3178462A2800020095AB30 /* Assets.xcassets */; };
		DD31784A2A2800020095AB30 /* Preview Assets.xcassets in Resources */ = {isa = PBXBuildFile; fileRef = DD3178492A2800020095AB30 /* Preview Assets.xcassets */; };
		DD31785B2A2803AB0095AB30 /* FeedView.swift in Sources */ = {isa = PBXBuildFile; fileRef = DD31785A2A2803AB0095AB30 /* FeedView.swift */; };
		DD31785E2A28058A0095AB30 /* TweetRowView.swift in Sources */ = {isa = PBXBuildFile; fileRef = DD31785D2A28058A0095AB30 /* TweetRowView.swift */; };
		DD334B262A2B929A006F64ED /* SideMenuView.swift in Sources */ = {isa = PBXBuildFile; fileRef = DD334B252A2B929A006F64ED /* SideMenuView.swift */; };
		DD334B282A2B92F4006F64ED /* SideMenuRowView.swift in Sources */ = {isa = PBXBuildFile; fileRef = DD334B272A2B92F4006F64ED /* SideMenuRowView.swift */; };
		DD334B2A2A2B943E006F64ED /* SideMenuViewModel.swift in Sources */ = {isa = PBXBuildFile; fileRef = DD334B292A2B943E006F64ED /* SideMenuViewModel.swift */; };
		DD334B2C2A2BA20D006F64ED /* UserStatsView.swift in Sources */ = {isa = PBXBuildFile; fileRef = DD334B2B2A2BA20D006F64ED /* UserStatsView.swift */; };
		DD334B2E2A2BA985006F64ED /* Extensions.swift in Sources */ = {isa = PBXBuildFile; fileRef = DD334B2D2A2BA985006F64ED /* Extensions.swift */; };
		DD334B342A2BA9BE006F64ED /* ExploreViewModel.swift in Sources */ = {isa = PBXBuildFile; fileRef = DD334B332A2BA9BE006F64ED /* ExploreViewModel.swift */; };
		DD334B362A2BA9D7006F64ED /* FeedViewModel.swift in Sources */ = {isa = PBXBuildFile; fileRef = DD334B352A2BA9D7006F64ED /* FeedViewModel.swift */; };
		DD44D4132A28B175002C8896 /* ExploreView.swift in Sources */ = {isa = PBXBuildFile; fileRef = DD44D4122A28B175002C8896 /* ExploreView.swift */; };
		DD4BE3202A40F848002EF123 /* TweetRowViewModel.swift in Sources */ = {isa = PBXBuildFile; fileRef = DD4BE31F2A40F848002EF123 /* TweetRowViewModel.swift */; };
		DD5137362A365C1A000485B2 /* ProfilePhotoSelectorView.swift in Sources */ = {isa = PBXBuildFile; fileRef = DD5137352A365C1A000485B2 /* ProfilePhotoSelectorView.swift */; };
		DD6723C02A2A9F7100F9354D /* UserRowView.swift in Sources */ = {isa = PBXBuildFile; fileRef = DD6723BF2A2A9F7100F9354D /* UserRowView.swift */; };
		DD6775982A33E29200202AA2 /* GoogleService-Info.plist in Resources */ = {isa = PBXBuildFile; fileRef = DD6775972A33E29200202AA2 /* GoogleService-Info.plist */; };
		DD67759B2A33E3EF00202AA2 /* FirebaseAuth in Frameworks */ = {isa = PBXBuildFile; productRef = DD67759A2A33E3EF00202AA2 /* FirebaseAuth */; };
		DD67759D2A33E3EF00202AA2 /* FirebaseFirestore in Frameworks */ = {isa = PBXBuildFile; productRef = DD67759C2A33E3EF00202AA2 /* FirebaseFirestore */; };
		DD67759F2A33E3EF00202AA2 /* FirebaseFirestoreSwift in Frameworks */ = {isa = PBXBuildFile; productRef = DD67759E2A33E3EF00202AA2 /* FirebaseFirestoreSwift */; };
		DD6775A12A33E3EF00202AA2 /* FirebaseStorage in Frameworks */ = {isa = PBXBuildFile; productRef = DD6775A02A33E3EF00202AA2 /* FirebaseStorage */; };
		DD6775A32A33E8A400202AA2 /* AuthViewModel.swift in Sources */ = {isa = PBXBuildFile; fileRef = DD6775A22A33E8A400202AA2 /* AuthViewModel.swift */; };
		DD70956B2A394F0100CC88EC /* User.swift in Sources */ = {isa = PBXBuildFile; fileRef = DD70956A2A394F0100CC88EC /* User.swift */; };
		DD9B88492A2A070900C3D182 /* TweetFilterViewModel.swift in Sources */ = {isa = PBXBuildFile; fileRef = DD9B88482A2A070900C3D182 /* TweetFilterViewModel.swift */; };
		DD9E4E2E2A4066AA00413EB7 /* Tweet.swift in Sources */ = {isa = PBXBuildFile; fileRef = DD9E4E2D2A4066AA00413EB7 /* Tweet.swift */; };
		DD9F54A22A3B2F8300189C1F /* Kingfisher in Frameworks */ = {isa = PBXBuildFile; productRef = DD9F54A12A3B2F8300189C1F /* Kingfisher */; };
		DDA1AFB92A29381100C5EBFE /* ProfileView.swift in Sources */ = {isa = PBXBuildFile; fileRef = DDA1AFB82A29381100C5EBFE /* ProfileView.swift */; };
		DDAD134E2A2CB45A006B5673 /* NewTweetView.swift in Sources */ = {isa = PBXBuildFile; fileRef = DDAD134D2A2CB45A006B5673 /* NewTweetView.swift */; };
		DDAD13502A2CB9D5006B5673 /* TextArea.swift in Sources */ = {isa = PBXBuildFile; fileRef = DDAD134F2A2CB9D5006B5673 /* TextArea.swift */; };
		DDB487542A3BCD4700459789 /* SearchBar.swift in Sources */ = {isa = PBXBuildFile; fileRef = DDB487532A3BCD4700459789 /* SearchBar.swift */; };
		DDC380882A40E39800E6D088 /* ProfileViewModel.swift in Sources */ = {isa = PBXBuildFile; fileRef = DDC380872A40E39800E6D088 /* ProfileViewModel.swift */; };
		DDD191042A3921F10097F2E8 /* UserService.swift in Sources */ = {isa = PBXBuildFile; fileRef = DDD191032A3921F10097F2E8 /* UserService.swift */; };
		DDD6B3922A3132A700A99749 /* CustomSecureField.swift in Sources */ = {isa = PBXBuildFile; fileRef = DDD6B3912A3132A700A99749 /* CustomSecureField.swift */; };
		DDD6B3952A313E2300A99749 /* AuthHeaderView.swift in Sources */ = {isa = PBXBuildFile; fileRef = DDD6B3942A313E2300A99749 /* AuthHeaderView.swift */; };
		DDDC44BC2A48BAF100864362 /* MainTabViewModel.swift in Sources */ = {isa = PBXBuildFile; fileRef = DDDC44BB2A48BAF100864362 /* MainTabViewModel.swift */; };
		DDDC44C12A48C7D700864362 /* Shimmer.swift in Sources */ = {isa = PBXBuildFile; fileRef = DDDC44C02A48C7D700864362 /* Shimmer.swift */; };
		DDF6F14B2A309845006ED0C4 /* RoundedShape.swift in Sources */ = {isa = PBXBuildFile; fileRef = DDF6F14A2A309845006ED0C4 /* RoundedShape.swift */; };
		DDF6F14F2A30A1B6006ED0C4 /* CustomTextField.swift in Sources */ = {isa = PBXBuildFile; fileRef = DDF6F14E2A30A1B6006ED0C4 /* CustomTextField.swift */; };
		DDFC1F682A2FC1CF009807BF /* LoginView.swift in Sources */ = {isa = PBXBuildFile; fileRef = DDFC1F672A2FC1CF009807BF /* LoginView.swift */; };
		DDFC1F6A2A2FC1E0009807BF /* RegistrationView.swift in Sources */ = {isa = PBXBuildFile; fileRef = DDFC1F692A2FC1E0009807BF /* RegistrationView.swift */; };
/* End PBXBuildFile section */

/* Begin PBXFileReference section */
		DD0160042A36AE1B004F45AA /* ImageUploader.swift */ = {isa = PBXFileReference; lastKnownFileType = sourcecode.swift; path = ImageUploader.swift; sourceTree = "<group>"; };
		DD0A07962A28AB580031B8BC /* MainTabView.swift */ = {isa = PBXFileReference; lastKnownFileType = sourcecode.swift; path = MainTabView.swift; sourceTree = "<group>"; };
		DD0A079E2A28AECA0031B8BC /* NotificationsView.swift */ = {isa = PBXFileReference; lastKnownFileType = sourcecode.swift; path = NotificationsView.swift; sourceTree = "<group>"; };
		DD0A07A02A28AEEF0031B8BC /* MessagesView.swift */ = {isa = PBXFileReference; lastKnownFileType = sourcecode.swift; path = MessagesView.swift; sourceTree = "<group>"; };
		DD0AB49E2A3C7110001A730E /* TweetService.swift */ = {isa = PBXFileReference; lastKnownFileType = sourcecode.swift; path = TweetService.swift; sourceTree = "<group>"; };
		DD0AB4A02A3C7835001A730E /* UploadTweetViewModel.swift */ = {isa = PBXFileReference; lastKnownFileType = sourcecode.swift; path = UploadTweetViewModel.swift; sourceTree = "<group>"; };
		DD31783F2A2800010095AB30 /* TwitterClone.app */ = {isa = PBXFileReference; explicitFileType = wrapper.application; includeInIndex = 0; path = TwitterClone.app; sourceTree = BUILT_PRODUCTS_DIR; };
		DD3178422A2800010095AB30 /* TwitterCloneApp.swift */ = {isa = PBXFileReference; lastKnownFileType = sourcecode.swift; path = TwitterCloneApp.swift; sourceTree = "<group>"; };
		DD3178442A2800010095AB30 /* ContentView.swift */ = {isa = PBXFileReference; lastKnownFileType = sourcecode.swift; path = ContentView.swift; sourceTree = "<group>"; };
		DD3178462A2800020095AB30 /* Assets.xcassets */ = {isa = PBXFileReference; lastKnownFileType = folder.assetcatalog; path = Assets.xcassets; sourceTree = "<group>"; };
		DD3178492A2800020095AB30 /* Preview Assets.xcassets */ = {isa = PBXFileReference; lastKnownFileType = folder.assetcatalog; path = "Preview Assets.xcassets"; sourceTree = "<group>"; };
		DD31785A2A2803AB0095AB30 /* FeedView.swift */ = {isa = PBXFileReference; lastKnownFileType = sourcecode.swift; path = FeedView.swift; sourceTree = "<group>"; };
		DD31785D2A28058A0095AB30 /* TweetRowView.swift */ = {isa = PBXFileReference; lastKnownFileType = sourcecode.swift; path = TweetRowView.swift; sourceTree = "<group>"; };
		DD334B252A2B929A006F64ED /* SideMenuView.swift */ = {isa = PBXFileReference; lastKnownFileType = sourcecode.swift; path = SideMenuView.swift; sourceTree = "<group>"; };
		DD334B272A2B92F4006F64ED /* SideMenuRowView.swift */ = {isa = PBXFileReference; lastKnownFileType = sourcecode.swift; path = SideMenuRowView.swift; sourceTree = "<group>"; };
		DD334B292A2B943E006F64ED /* SideMenuViewModel.swift */ = {isa = PBXFileReference; lastKnownFileType = sourcecode.swift; path = SideMenuViewModel.swift; sourceTree = "<group>"; };
		DD334B2B2A2BA20D006F64ED /* UserStatsView.swift */ = {isa = PBXFileReference; lastKnownFileType = sourcecode.swift; path = UserStatsView.swift; sourceTree = "<group>"; };
		DD334B2D2A2BA985006F64ED /* Extensions.swift */ = {isa = PBXFileReference; lastKnownFileType = sourcecode.swift; path = Extensions.swift; sourceTree = "<group>"; };
		DD334B332A2BA9BE006F64ED /* ExploreViewModel.swift */ = {isa = PBXFileReference; lastKnownFileType = sourcecode.swift; path = ExploreViewModel.swift; sourceTree = "<group>"; };
		DD334B352A2BA9D7006F64ED /* FeedViewModel.swift */ = {isa = PBXFileReference; lastKnownFileType = sourcecode.swift; path = FeedViewModel.swift; sourceTree = "<group>"; };
		DD44D4122A28B175002C8896 /* ExploreView.swift */ = {isa = PBXFileReference; lastKnownFileType = sourcecode.swift; path = ExploreView.swift; sourceTree = "<group>"; };
		DD4BE31F2A40F848002EF123 /* TweetRowViewModel.swift */ = {isa = PBXFileReference; lastKnownFileType = sourcecode.swift; path = TweetRowViewModel.swift; sourceTree = "<group>"; };
		DD5137352A365C1A000485B2 /* ProfilePhotoSelectorView.swift */ = {isa = PBXFileReference; lastKnownFileType = sourcecode.swift; path = ProfilePhotoSelectorView.swift; sourceTree = "<group>"; };
		DD6723BF2A2A9F7100F9354D /* UserRowView.swift */ = {isa = PBXFileReference; lastKnownFileType = sourcecode.swift; path = UserRowView.swift; sourceTree = "<group>"; };
		DD6775972A33E29200202AA2 /* GoogleService-Info.plist */ = {isa = PBXFileReference; lastKnownFileType = text.plist; path = "GoogleService-Info.plist"; sourceTree = SOURCE_ROOT; };
		DD6775A22A33E8A400202AA2 /* AuthViewModel.swift */ = {isa = PBXFileReference; lastKnownFileType = sourcecode.swift; path = AuthViewModel.swift; sourceTree = "<group>"; };
		DD70956A2A394F0100CC88EC /* User.swift */ = {isa = PBXFileReference; lastKnownFileType = sourcecode.swift; path = User.swift; sourceTree = "<group>"; };
		DD9B88482A2A070900C3D182 /* TweetFilterViewModel.swift */ = {isa = PBXFileReference; lastKnownFileType = sourcecode.swift; path = TweetFilterViewModel.swift; sourceTree = "<group>"; };
		DD9E4E2D2A4066AA00413EB7 /* Tweet.swift */ = {isa = PBXFileReference; lastKnownFileType = sourcecode.swift; path = Tweet.swift; sourceTree = "<group>"; };
		DDA1AFB82A29381100C5EBFE /* ProfileView.swift */ = {isa = PBXFileReference; lastKnownFileType = sourcecode.swift; path = ProfileView.swift; sourceTree = "<group>"; };
		DDAD134D2A2CB45A006B5673 /* NewTweetView.swift */ = {isa = PBXFileReference; lastKnownFileType = sourcecode.swift; path = NewTweetView.swift; sourceTree = "<group>"; };
		DDAD134F2A2CB9D5006B5673 /* TextArea.swift */ = {isa = PBXFileReference; lastKnownFileType = sourcecode.swift; path = TextArea.swift; sourceTree = "<group>"; };
		DDB487532A3BCD4700459789 /* SearchBar.swift */ = {isa = PBXFileReference; lastKnownFileType = sourcecode.swift; path = SearchBar.swift; sourceTree = "<group>"; };
		DDC380872A40E39800E6D088 /* ProfileViewModel.swift */ = {isa = PBXFileReference; lastKnownFileType = sourcecode.swift; path = ProfileViewModel.swift; sourceTree = "<group>"; };
		DDD191032A3921F10097F2E8 /* UserService.swift */ = {isa = PBXFileReference; lastKnownFileType = sourcecode.swift; path = UserService.swift; sourceTree = "<group>"; };
		DDD6B3912A3132A700A99749 /* CustomSecureField.swift */ = {isa = PBXFileReference; lastKnownFileType = sourcecode.swift; path = CustomSecureField.swift; sourceTree = "<group>"; };
		DDD6B3942A313E2300A99749 /* AuthHeaderView.swift */ = {isa = PBXFileReference; lastKnownFileType = sourcecode.swift; path = AuthHeaderView.swift; sourceTree = "<group>"; };
		DDDC44BB2A48BAF100864362 /* MainTabViewModel.swift */ = {isa = PBXFileReference; lastKnownFileType = sourcecode.swift; path = MainTabViewModel.swift; sourceTree = "<group>"; };
		DDDC44C02A48C7D700864362 /* Shimmer.swift */ = {isa = PBXFileReference; lastKnownFileType = sourcecode.swift; path = Shimmer.swift; sourceTree = "<group>"; };
		DDF6F14A2A309845006ED0C4 /* RoundedShape.swift */ = {isa = PBXFileReference; lastKnownFileType = sourcecode.swift; path = RoundedShape.swift; sourceTree = "<group>"; };
		DDF6F14E2A30A1B6006ED0C4 /* CustomTextField.swift */ = {isa = PBXFileReference; lastKnownFileType = sourcecode.swift; path = CustomTextField.swift; sourceTree = "<group>"; };
		DDFC1F672A2FC1CF009807BF /* LoginView.swift */ = {isa = PBXFileReference; lastKnownFileType = sourcecode.swift; path = LoginView.swift; sourceTree = "<group>"; };
		DDFC1F692A2FC1E0009807BF /* RegistrationView.swift */ = {isa = PBXFileReference; lastKnownFileType = sourcecode.swift; path = RegistrationView.swift; sourceTree = "<group>"; };
/* End PBXFileReference section */

/* Begin PBXFrameworksBuildPhase section */
		DD31783C2A2800010095AB30 /* Frameworks */ = {
			isa = PBXFrameworksBuildPhase;
			buildActionMask = 2147483647;
			files = (
				DD67759B2A33E3EF00202AA2 /* FirebaseAuth in Frameworks */,
				DD6775A12A33E3EF00202AA2 /* FirebaseStorage in Frameworks */,
				DD67759D2A33E3EF00202AA2 /* FirebaseFirestore in Frameworks */,
				DD67759F2A33E3EF00202AA2 /* FirebaseFirestoreSwift in Frameworks */,
				DD9F54A22A3B2F8300189C1F /* Kingfisher in Frameworks */,
			);
			runOnlyForDeploymentPostprocessing = 0;
		};
/* End PBXFrameworksBuildPhase section */

/* Begin PBXGroup section */
		DD0A07952A28AB2D0031B8BC /* MainTab */ = {
			isa = PBXGroup;
			children = (
				DDDC44BA2A48BACB00864362 /* ViewModels */,
				DDDC44B92A48BAC700864362 /* Views */,
			);
			path = MainTab;
			sourceTree = "<group>";
		};
		DD0A07982A28ADF90031B8BC /* Messages */ = {
			isa = PBXGroup;
			children = (
				DD0A07A02A28AEEF0031B8BC /* MessagesView.swift */,
			);
			path = Messages;
			sourceTree = "<group>";
		};
		DD0A079A2A28ADFF0031B8BC /* Notifications */ = {
			isa = PBXGroup;
			children = (
				DD0A079E2A28AECA0031B8BC /* NotificationsView.swift */,
			);
			path = Notifications;
			sourceTree = "<group>";
		};
		DD0A079B2A28AE510031B8BC /* Profile */ = {
			isa = PBXGroup;
			children = (
				DDA1AFB72A2937D100C5EBFE /* ViewModels */,
				DDA1AFB62A2937CF00C5EBFE /* Views */,
			);
			path = Profile;
			sourceTree = "<group>";
		};
		DD3178362A2800010095AB30 = {
			isa = PBXGroup;
			children = (
				DD3178412A2800010095AB30 /* TwitterClone */,
				DD3178402A2800010095AB30 /* Products */,
			);
			sourceTree = "<group>";
		};
		DD3178402A2800010095AB30 /* Products */ = {
			isa = PBXGroup;
			children = (
				DD31783F2A2800010095AB30 /* TwitterClone.app */,
			);
			name = Products;
			sourceTree = "<group>";
		};
		DD3178412A2800010095AB30 /* TwitterClone */ = {
			isa = PBXGroup;
			children = (
				DDDC44BF2A48C7B600864362 /* Utils */,
				DD3178532A28005D0095AB30 /* Extensions */,
				DD3178522A28005A0095AB30 /* Model */,
				DD3178512A2800560095AB30 /* Service */,
				DD3178502A2800530095AB30 /* Core */,
				DD3178422A2800010095AB30 /* TwitterCloneApp.swift */,
				DD3178442A2800010095AB30 /* ContentView.swift */,
				DD3178462A2800020095AB30 /* Assets.xcassets */,
				DD6775972A33E29200202AA2 /* GoogleService-Info.plist */,
				DD3178482A2800020095AB30 /* Preview Content */,
			);
			path = TwitterClone;
			sourceTree = "<group>";
		};
		DD3178482A2800020095AB30 /* Preview Content */ = {
			isa = PBXGroup;
			children = (
				DD3178492A2800020095AB30 /* Preview Assets.xcassets */,
			);
			path = "Preview Content";
			sourceTree = "<group>";
		};
		DD3178502A2800530095AB30 /* Core */ = {
			isa = PBXGroup;
			children = (
				DD3178552A2800A60095AB30 /* Components */,
				DDFC1F642A2FC179009807BF /* Authentication */,
				DDAD134A2A2CB3FD006B5673 /* UploadTweet */,
				DD334B222A2B9249006F64ED /* SideMenu */,
				DD0A079B2A28AE510031B8BC /* Profile */,
				DD44D4112A28B151002C8896 /* Explore */,
				DD0A079A2A28ADFF0031B8BC /* Notifications */,
				DD0A07982A28ADF90031B8BC /* Messages */,
				DD0A07952A28AB2D0031B8BC /* MainTab */,
				DD3178542A2800A30095AB30 /* Feed */,
			);
			path = Core;
			sourceTree = "<group>";
		};
		DD3178512A2800560095AB30 /* Service */ = {
			isa = PBXGroup;
			children = (
				DD0160042A36AE1B004F45AA /* ImageUploader.swift */,
				DDD191032A3921F10097F2E8 /* UserService.swift */,
				DD0AB49E2A3C7110001A730E /* TweetService.swift */,
			);
			path = Service;
			sourceTree = "<group>";
		};
		DD3178522A28005A0095AB30 /* Model */ = {
			isa = PBXGroup;
			children = (
				DD70956A2A394F0100CC88EC /* User.swift */,
				DD9E4E2D2A4066AA00413EB7 /* Tweet.swift */,
			);
			path = Model;
			sourceTree = "<group>";
		};
		DD3178532A28005D0095AB30 /* Extensions */ = {
			isa = PBXGroup;
			children = (
				DD334B2D2A2BA985006F64ED /* Extensions.swift */,
			);
			path = Extensions;
			sourceTree = "<group>";
		};
		DD3178542A2800A30095AB30 /* Feed */ = {
			isa = PBXGroup;
			children = (
				DD44D4102A28B0F1002C8896 /* ViewModels */,
				DD3178582A2802A70095AB30 /* View */,
			);
			path = Feed;
			sourceTree = "<group>";
		};
		DD3178552A2800A60095AB30 /* Components */ = {
			isa = PBXGroup;
			children = (
				DDD6B3932A313E0D00A99749 /* Authentication */,
				DD6723BE2A2A9F5600F9354D /* Users */,
				DD31785C2A2804E50095AB30 /* Tweets */,
				DDAD134F2A2CB9D5006B5673 /* TextArea.swift */,
				DDF6F14A2A309845006ED0C4 /* RoundedShape.swift */,
				DDF6F14E2A30A1B6006ED0C4 /* CustomTextField.swift */,
				DDD6B3912A3132A700A99749 /* CustomSecureField.swift */,
				DDB487532A3BCD4700459789 /* SearchBar.swift */,
			);
			path = Components;
			sourceTree = "<group>";
		};
		DD3178582A2802A70095AB30 /* View */ = {
			isa = PBXGroup;
			children = (
				DD31785A2A2803AB0095AB30 /* FeedView.swift */,
			);
			path = View;
			sourceTree = "<group>";
		};
		DD31785C2A2804E50095AB30 /* Tweets */ = {
			isa = PBXGroup;
			children = (
				DD4BE31E2A40F810002EF123 /* ViewModels */,
				DD4BE31D2A40F808002EF123 /* Views */,
			);
			path = Tweets;
			sourceTree = "<group>";
		};
		DD334B222A2B9249006F64ED /* SideMenu */ = {
			isa = PBXGroup;
			children = (
				DD334B242A2B9272006F64ED /* ViewModels */,
				DD334B232A2B926F006F64ED /* Views */,
			);
			path = SideMenu;
			sourceTree = "<group>";
		};
		DD334B232A2B926F006F64ED /* Views */ = {
			isa = PBXGroup;
			children = (
				DD334B252A2B929A006F64ED /* SideMenuView.swift */,
				DD334B272A2B92F4006F64ED /* SideMenuRowView.swift */,
			);
			path = Views;
			sourceTree = "<group>";
		};
		DD334B242A2B9272006F64ED /* ViewModels */ = {
			isa = PBXGroup;
			children = (
				DD334B292A2B943E006F64ED /* SideMenuViewModel.swift */,
			);
			path = ViewModels;
			sourceTree = "<group>";
		};
		DD44D4102A28B0F1002C8896 /* ViewModels */ = {
			isa = PBXGroup;
			children = (
				DD334B352A2BA9D7006F64ED /* FeedViewModel.swift */,
			);
			path = ViewModels;
			sourceTree = "<group>";
		};
		DD44D4112A28B151002C8896 /* Explore */ = {
			isa = PBXGroup;
			children = (
				DD6723BD2A2A9F1200F9354D /* ViewModels */,
				DD6723BC2A2A9F0F00F9354D /* Views */,
			);
			path = Explore;
			sourceTree = "<group>";
		};
		DD4BE31D2A40F808002EF123 /* Views */ = {
			isa = PBXGroup;
			children = (
				DD31785D2A28058A0095AB30 /* TweetRowView.swift */,
			);
			path = Views;
			sourceTree = "<group>";
		};
		DD4BE31E2A40F810002EF123 /* ViewModels */ = {
			isa = PBXGroup;
			children = (
				DD4BE31F2A40F848002EF123 /* TweetRowViewModel.swift */,
			);
			path = ViewModels;
			sourceTree = "<group>";
		};
		DD6723BC2A2A9F0F00F9354D /* Views */ = {
			isa = PBXGroup;
			children = (
				DD44D4122A28B175002C8896 /* ExploreView.swift */,
			);
			path = Views;
			sourceTree = "<group>";
		};
		DD6723BD2A2A9F1200F9354D /* ViewModels */ = {
			isa = PBXGroup;
			children = (
				DD334B332A2BA9BE006F64ED /* ExploreViewModel.swift */,
			);
			path = ViewModels;
			sourceTree = "<group>";
		};
		DD6723BE2A2A9F5600F9354D /* Users */ = {
			isa = PBXGroup;
			children = (
				DD6723BF2A2A9F7100F9354D /* UserRowView.swift */,
				DD334B2B2A2BA20D006F64ED /* UserStatsView.swift */,
			);
			path = Users;
			sourceTree = "<group>";
		};
		DDA1AFB62A2937CF00C5EBFE /* Views */ = {
			isa = PBXGroup;
			children = (
				DDA1AFB82A29381100C5EBFE /* ProfileView.swift */,
			);
			path = Views;
			sourceTree = "<group>";
		};
		DDA1AFB72A2937D100C5EBFE /* ViewModels */ = {
			isa = PBXGroup;
			children = (
				DD9B88482A2A070900C3D182 /* TweetFilterViewModel.swift */,
				DDC380872A40E39800E6D088 /* ProfileViewModel.swift */,
			);
			path = ViewModels;
			sourceTree = "<group>";
		};
		DDAD134A2A2CB3FD006B5673 /* UploadTweet */ = {
			isa = PBXGroup;
			children = (
				DDAD134C2A2CB40D006B5673 /* ViewModels */,
				DDAD134B2A2CB40A006B5673 /* Views */,
			);
			path = UploadTweet;
			sourceTree = "<group>";
		};
		DDAD134B2A2CB40A006B5673 /* Views */ = {
			isa = PBXGroup;
			children = (
				DDAD134D2A2CB45A006B5673 /* NewTweetView.swift */,
			);
			path = Views;
			sourceTree = "<group>";
		};
		DDAD134C2A2CB40D006B5673 /* ViewModels */ = {
			isa = PBXGroup;
			children = (
				DD0AB4A02A3C7835001A730E /* UploadTweetViewModel.swift */,
			);
			path = ViewModels;
			sourceTree = "<group>";
		};
		DDD6B3932A313E0D00A99749 /* Authentication */ = {
			isa = PBXGroup;
			children = (
				DDD6B3942A313E2300A99749 /* AuthHeaderView.swift */,
			);
			path = Authentication;
			sourceTree = "<group>";
		};
		DDDC44B92A48BAC700864362 /* Views */ = {
			isa = PBXGroup;
			children = (
				DD0A07962A28AB580031B8BC /* MainTabView.swift */,
			);
			path = Views;
			sourceTree = "<group>";
		};
		DDDC44BA2A48BACB00864362 /* ViewModels */ = {
			isa = PBXGroup;
			children = (
				DDDC44BB2A48BAF100864362 /* MainTabViewModel.swift */,
			);
			path = ViewModels;
			sourceTree = "<group>";
		};
		DDDC44BF2A48C7B600864362 /* Utils */ = {
			isa = PBXGroup;
			children = (
				DDDC44C02A48C7D700864362 /* Shimmer.swift */,
			);
			path = Utils;
			sourceTree = "<group>";
		};
		DDFC1F642A2FC179009807BF /* Authentication */ = {
			isa = PBXGroup;
			children = (
				DDFC1F662A2FC19F009807BF /* ViewModel */,
				DDFC1F652A2FC19C009807BF /* Views */,
			);
			path = Authentication;
			sourceTree = "<group>";
		};
		DDFC1F652A2FC19C009807BF /* Views */ = {
			isa = PBXGroup;
			children = (
				DDFC1F672A2FC1CF009807BF /* LoginView.swift */,
				DDFC1F692A2FC1E0009807BF /* RegistrationView.swift */,
				DD5137352A365C1A000485B2 /* ProfilePhotoSelectorView.swift */,
			);
			path = Views;
			sourceTree = "<group>";
		};
		DDFC1F662A2FC19F009807BF /* ViewModel */ = {
			isa = PBXGroup;
			children = (
				DD6775A22A33E8A400202AA2 /* AuthViewModel.swift */,
			);
			path = ViewModel;
			sourceTree = "<group>";
		};
/* End PBXGroup section */

/* Begin PBXNativeTarget section */
		DD31783E2A2800010095AB30 /* TwitterClone */ = {
			isa = PBXNativeTarget;
			buildConfigurationList = DD31784D2A2800020095AB30 /* Build configuration list for PBXNativeTarget "TwitterClone" */;
			buildPhases = (
				DD31783B2A2800010095AB30 /* Sources */,
				DD31783C2A2800010095AB30 /* Frameworks */,
				DD31783D2A2800010095AB30 /* Resources */,
			);
			buildRules = (
			);
			dependencies = (
			);
			name = TwitterClone;
			packageProductDependencies = (
				DD67759A2A33E3EF00202AA2 /* FirebaseAuth */,
				DD67759C2A33E3EF00202AA2 /* FirebaseFirestore */,
				DD67759E2A33E3EF00202AA2 /* FirebaseFirestoreSwift */,
				DD6775A02A33E3EF00202AA2 /* FirebaseStorage */,
				DD9F54A12A3B2F8300189C1F /* Kingfisher */,
			);
			productName = TwitterClone;
			productReference = DD31783F2A2800010095AB30 /* TwitterClone.app */;
			productType = "com.apple.product-type.application";
		};
/* End PBXNativeTarget section */

/* Begin PBXProject section */
		DD3178372A2800010095AB30 /* Project object */ = {
			isa = PBXProject;
			attributes = {
				BuildIndependentTargetsInParallel = 1;
				LastSwiftUpdateCheck = 1430;
				LastUpgradeCheck = 1430;
				TargetAttributes = {
					DD31783E2A2800010095AB30 = {
						CreatedOnToolsVersion = 14.3;
					};
				};
			};
			buildConfigurationList = DD31783A2A2800010095AB30 /* Build configuration list for PBXProject "TwitterClone" */;
			compatibilityVersion = "Xcode 14.0";
			developmentRegion = en;
			hasScannedForEncodings = 0;
			knownRegions = (
				en,
				Base,
			);
			mainGroup = DD3178362A2800010095AB30;
			packageReferences = (
				DD6775992A33E3EF00202AA2 /* XCRemoteSwiftPackageReference "firebase-ios-sdk" */,
				DD9F54A02A3B2F8300189C1F /* XCRemoteSwiftPackageReference "Kingfisher" */,
			);
			productRefGroup = DD3178402A2800010095AB30 /* Products */;
			projectDirPath = "";
			projectRoot = "";
			targets = (
				DD31783E2A2800010095AB30 /* TwitterClone */,
			);
		};
/* End PBXProject section */

/* Begin PBXResourcesBuildPhase section */
		DD31783D2A2800010095AB30 /* Resources */ = {
			isa = PBXResourcesBuildPhase;
			buildActionMask = 2147483647;
			files = (
				DD31784A2A2800020095AB30 /* Preview Assets.xcassets in Resources */,
				DD3178472A2800020095AB30 /* Assets.xcassets in Resources */,
				DD6775982A33E29200202AA2 /* GoogleService-Info.plist in Resources */,
			);
			runOnlyForDeploymentPostprocessing = 0;
		};
/* End PBXResourcesBuildPhase section */

/* Begin PBXSourcesBuildPhase section */
		DD31783B2A2800010095AB30 /* Sources */ = {
			isa = PBXSourcesBuildPhase;
			buildActionMask = 2147483647;
			files = (
				DD0A07A12A28AEEF0031B8BC /* MessagesView.swift in Sources */,
				DDA1AFB92A29381100C5EBFE /* ProfileView.swift in Sources */,
				DD3178452A2800010095AB30 /* ContentView.swift in Sources */,
				DD334B282A2B92F4006F64ED /* SideMenuRowView.swift in Sources */,
				DD70956B2A394F0100CC88EC /* User.swift in Sources */,
				DD5137362A365C1A000485B2 /* ProfilePhotoSelectorView.swift in Sources */,
				DDFC1F682A2FC1CF009807BF /* LoginView.swift in Sources */,
				DD44D4132A28B175002C8896 /* ExploreView.swift in Sources */,
				DD9B88492A2A070900C3D182 /* TweetFilterViewModel.swift in Sources */,
				DDAD134E2A2CB45A006B5673 /* NewTweetView.swift in Sources */,
				DD31785E2A28058A0095AB30 /* TweetRowView.swift in Sources */,
				DD4BE3202A40F848002EF123 /* TweetRowViewModel.swift in Sources */,
				DDDC44C12A48C7D700864362 /* Shimmer.swift in Sources */,
				DD0AB49F2A3C7110001A730E /* TweetService.swift in Sources */,
				DD334B262A2B929A006F64ED /* SideMenuView.swift in Sources */,
				DD31785B2A2803AB0095AB30 /* FeedView.swift in Sources */,
				DDF6F14F2A30A1B6006ED0C4 /* CustomTextField.swift in Sources */,
				DDD191042A3921F10097F2E8 /* UserService.swift in Sources */,
				DDD6B3952A313E2300A99749 /* AuthHeaderView.swift in Sources */,
				DD334B362A2BA9D7006F64ED /* FeedViewModel.swift in Sources */,
				DD3178432A2800010095AB30 /* TwitterCloneApp.swift in Sources */,
				DDAD13502A2CB9D5006B5673 /* TextArea.swift in Sources */,
				DD0160052A36AE1B004F45AA /* ImageUploader.swift in Sources */,
				DDFC1F6A2A2FC1E0009807BF /* RegistrationView.swift in Sources */,
				DDDC44BC2A48BAF100864362 /* MainTabViewModel.swift in Sources */,
				DDB487542A3BCD4700459789 /* SearchBar.swift in Sources */,
				DD334B2A2A2B943E006F64ED /* SideMenuViewModel.swift in Sources */,
				DD334B2E2A2BA985006F64ED /* Extensions.swift in Sources */,
				DD6723C02A2A9F7100F9354D /* UserRowView.swift in Sources */,
				DDF6F14B2A309845006ED0C4 /* RoundedShape.swift in Sources */,
				DD0AB4A12A3C7835001A730E /* UploadTweetViewModel.swift in Sources */,
				DD0A07972A28AB580031B8BC /* MainTabView.swift in Sources */,
				DD6775A32A33E8A400202AA2 /* AuthViewModel.swift in Sources */,
				DDC380882A40E39800E6D088 /* ProfileViewModel.swift in Sources */,
				DD0A079F2A28AECA0031B8BC /* NotificationsView.swift in Sources */,
				DD9E4E2E2A4066AA00413EB7 /* Tweet.swift in Sources */,
				DD334B342A2BA9BE006F64ED /* ExploreViewModel.swift in Sources */,
				DDD6B3922A3132A700A99749 /* CustomSecureField.swift in Sources */,
				DD334B2C2A2BA20D006F64ED /* UserStatsView.swift in Sources */,
			);
			runOnlyForDeploymentPostprocessing = 0;
		};
/* End PBXSourcesBuildPhase section */

/* Begin XCBuildConfiguration section */
		DD31784B2A2800020095AB30 /* Debug */ = {
			isa = XCBuildConfiguration;
			buildSettings = {
				ALWAYS_SEARCH_USER_PATHS = NO;
				CLANG_ANALYZER_NONNULL = YES;
				CLANG_ANALYZER_NUMBER_OBJECT_CONVERSION = YES_AGGRESSIVE;
				CLANG_CXX_LANGUAGE_STANDARD = "gnu++20";
				CLANG_ENABLE_MODULES = YES;
				CLANG_ENABLE_OBJC_ARC = YES;
				CLANG_ENABLE_OBJC_WEAK = YES;
				CLANG_WARN_BLOCK_CAPTURE_AUTORELEASING = YES;
				CLANG_WARN_BOOL_CONVERSION = YES;
				CLANG_WARN_COMMA = YES;
				CLANG_WARN_CONSTANT_CONVERSION = YES;
				CLANG_WARN_DEPRECATED_OBJC_IMPLEMENTATIONS = YES;
				CLANG_WARN_DIRECT_OBJC_ISA_USAGE = YES_ERROR;
				CLANG_WARN_DOCUMENTATION_COMMENTS = YES;
				CLANG_WARN_EMPTY_BODY = YES;
				CLANG_WARN_ENUM_CONVERSION = YES;
				CLANG_WARN_INFINITE_RECURSION = YES;
				CLANG_WARN_INT_CONVERSION = YES;
				CLANG_WARN_NON_LITERAL_NULL_CONVERSION = YES;
				CLANG_WARN_OBJC_IMPLICIT_RETAIN_SELF = YES;
				CLANG_WARN_OBJC_LITERAL_CONVERSION = YES;
				CLANG_WARN_OBJC_ROOT_CLASS = YES_ERROR;
				CLANG_WARN_QUOTED_INCLUDE_IN_FRAMEWORK_HEADER = YES;
				CLANG_WARN_RANGE_LOOP_ANALYSIS = YES;
				CLANG_WARN_STRICT_PROTOTYPES = YES;
				CLANG_WARN_SUSPICIOUS_MOVE = YES;
				CLANG_WARN_UNGUARDED_AVAILABILITY = YES_AGGRESSIVE;
				CLANG_WARN_UNREACHABLE_CODE = YES;
				CLANG_WARN__DUPLICATE_METHOD_MATCH = YES;
				COPY_PHASE_STRIP = NO;
				DEBUG_INFORMATION_FORMAT = dwarf;
				ENABLE_STRICT_OBJC_MSGSEND = YES;
				ENABLE_TESTABILITY = YES;
				GCC_C_LANGUAGE_STANDARD = gnu11;
				GCC_DYNAMIC_NO_PIC = NO;
				GCC_NO_COMMON_BLOCKS = YES;
				GCC_OPTIMIZATION_LEVEL = 0;
				GCC_PREPROCESSOR_DEFINITIONS = (
					"DEBUG=1",
					"$(inherited)",
				);
				GCC_WARN_64_TO_32_BIT_CONVERSION = YES;
				GCC_WARN_ABOUT_RETURN_TYPE = YES_ERROR;
				GCC_WARN_UNDECLARED_SELECTOR = YES;
				GCC_WARN_UNINITIALIZED_AUTOS = YES_AGGRESSIVE;
				GCC_WARN_UNUSED_FUNCTION = YES;
				GCC_WARN_UNUSED_VARIABLE = YES;
				IPHONEOS_DEPLOYMENT_TARGET = 16.4;
				MTL_ENABLE_DEBUG_INFO = INCLUDE_SOURCE;
				MTL_FAST_MATH = YES;
				ONLY_ACTIVE_ARCH = YES;
				SDKROOT = iphoneos;
				SWIFT_ACTIVE_COMPILATION_CONDITIONS = DEBUG;
				SWIFT_OPTIMIZATION_LEVEL = "-Onone";
			};
			name = Debug;
		};
		DD31784C2A2800020095AB30 /* Release */ = {
			isa = XCBuildConfiguration;
			buildSettings = {
				ALWAYS_SEARCH_USER_PATHS = NO;
				CLANG_ANALYZER_NONNULL = YES;
				CLANG_ANALYZER_NUMBER_OBJECT_CONVERSION = YES_AGGRESSIVE;
				CLANG_CXX_LANGUAGE_STANDARD = "gnu++20";
				CLANG_ENABLE_MODULES = YES;
				CLANG_ENABLE_OBJC_ARC = YES;
				CLANG_ENABLE_OBJC_WEAK = YES;
				CLANG_WARN_BLOCK_CAPTURE_AUTORELEASING = YES;
				CLANG_WARN_BOOL_CONVERSION = YES;
				CLANG_WARN_COMMA = YES;
				CLANG_WARN_CONSTANT_CONVERSION = YES;
				CLANG_WARN_DEPRECATED_OBJC_IMPLEMENTATIONS = YES;
				CLANG_WARN_DIRECT_OBJC_ISA_USAGE = YES_ERROR;
				CLANG_WARN_DOCUMENTATION_COMMENTS = YES;
				CLANG_WARN_EMPTY_BODY = YES;
				CLANG_WARN_ENUM_CONVERSION = YES;
				CLANG_WARN_INFINITE_RECURSION = YES;
				CLANG_WARN_INT_CONVERSION = YES;
				CLANG_WARN_NON_LITERAL_NULL_CONVERSION = YES;
				CLANG_WARN_OBJC_IMPLICIT_RETAIN_SELF = YES;
				CLANG_WARN_OBJC_LITERAL_CONVERSION = YES;
				CLANG_WARN_OBJC_ROOT_CLASS = YES_ERROR;
				CLANG_WARN_QUOTED_INCLUDE_IN_FRAMEWORK_HEADER = YES;
				CLANG_WARN_RANGE_LOOP_ANALYSIS = YES;
				CLANG_WARN_STRICT_PROTOTYPES = YES;
				CLANG_WARN_SUSPICIOUS_MOVE = YES;
				CLANG_WARN_UNGUARDED_AVAILABILITY = YES_AGGRESSIVE;
				CLANG_WARN_UNREACHABLE_CODE = YES;
				CLANG_WARN__DUPLICATE_METHOD_MATCH = YES;
				COPY_PHASE_STRIP = NO;
				DEBUG_INFORMATION_FORMAT = "dwarf-with-dsym";
				ENABLE_NS_ASSERTIONS = NO;
				ENABLE_STRICT_OBJC_MSGSEND = YES;
				GCC_C_LANGUAGE_STANDARD = gnu11;
				GCC_NO_COMMON_BLOCKS = YES;
				GCC_WARN_64_TO_32_BIT_CONVERSION = YES;
				GCC_WARN_ABOUT_RETURN_TYPE = YES_ERROR;
				GCC_WARN_UNDECLARED_SELECTOR = YES;
				GCC_WARN_UNINITIALIZED_AUTOS = YES_AGGRESSIVE;
				GCC_WARN_UNUSED_FUNCTION = YES;
				GCC_WARN_UNUSED_VARIABLE = YES;
				IPHONEOS_DEPLOYMENT_TARGET = 16.4;
				MTL_ENABLE_DEBUG_INFO = NO;
				MTL_FAST_MATH = YES;
				SDKROOT = iphoneos;
				SWIFT_COMPILATION_MODE = wholemodule;
				SWIFT_OPTIMIZATION_LEVEL = "-O";
				VALIDATE_PRODUCT = YES;
			};
			name = Release;
		};
		DD31784E2A2800020095AB30 /* Debug */ = {
			isa = XCBuildConfiguration;
			buildSettings = {
				ASSETCATALOG_COMPILER_APPICON_NAME = AppIcon;
				ASSETCATALOG_COMPILER_GLOBAL_ACCENT_COLOR_NAME = AccentColor;
				CODE_SIGN_STYLE = Automatic;
				CURRENT_PROJECT_VERSION = 1;
				DEVELOPMENT_ASSET_PATHS = "\"TwitterClone/Preview Content\"";
				ENABLE_PREVIEWS = YES;
				GENERATE_INFOPLIST_FILE = YES;
				INFOPLIST_KEY_UIApplicationSceneManifest_Generation = YES;
				INFOPLIST_KEY_UIApplicationSupportsIndirectInputEvents = YES;
				INFOPLIST_KEY_UILaunchScreen_Generation = YES;
				INFOPLIST_KEY_UISupportedInterfaceOrientations_iPad = "UIInterfaceOrientationPortrait UIInterfaceOrientationPortraitUpsideDown UIInterfaceOrientationLandscapeLeft UIInterfaceOrientationLandscapeRight";
				INFOPLIST_KEY_UISupportedInterfaceOrientations_iPhone = "UIInterfaceOrientationPortrait UIInterfaceOrientationLandscapeLeft UIInterfaceOrientationLandscapeRight";
				LD_RUNPATH_SEARCH_PATHS = (
					"$(inherited)",
					"@executable_path/Frameworks",
				);
				MARKETING_VERSION = 1.0;
				PRODUCT_BUNDLE_IDENTIFIER = com.carlosvagnoni.TwitterClone;
				PRODUCT_NAME = "$(TARGET_NAME)";
				SWIFT_EMIT_LOC_STRINGS = YES;
				SWIFT_VERSION = 5.0;
				TARGETED_DEVICE_FAMILY = "1,2";
			};
			name = Debug;
		};
		DD31784F2A2800020095AB30 /* Release */ = {
			isa = XCBuildConfiguration;
			buildSettings = {
				ASSETCATALOG_COMPILER_APPICON_NAME = AppIcon;
				ASSETCATALOG_COMPILER_GLOBAL_ACCENT_COLOR_NAME = AccentColor;
				CODE_SIGN_STYLE = Automatic;
				CURRENT_PROJECT_VERSION = 1;
				DEVELOPMENT_ASSET_PATHS = "\"TwitterClone/Preview Content\"";
				ENABLE_PREVIEWS = YES;
				GENERATE_INFOPLIST_FILE = YES;
				INFOPLIST_KEY_UIApplicationSceneManifest_Generation = YES;
				INFOPLIST_KEY_UIApplicationSupportsIndirectInputEvents = YES;
				INFOPLIST_KEY_UILaunchScreen_Generation = YES;
				INFOPLIST_KEY_UISupportedInterfaceOrientations_iPad = "UIInterfaceOrientationPortrait UIInterfaceOrientationPortraitUpsideDown UIInterfaceOrientationLandscapeLeft UIInterfaceOrientationLandscapeRight";
				INFOPLIST_KEY_UISupportedInterfaceOrientations_iPhone = "UIInterfaceOrientationPortrait UIInterfaceOrientationLandscapeLeft UIInterfaceOrientationLandscapeRight";
				LD_RUNPATH_SEARCH_PATHS = (
					"$(inherited)",
					"@executable_path/Frameworks",
				);
				MARKETING_VERSION = 1.0;
				PRODUCT_BUNDLE_IDENTIFIER = com.carlosvagnoni.TwitterClone;
				PRODUCT_NAME = "$(TARGET_NAME)";
				SWIFT_EMIT_LOC_STRINGS = YES;
				SWIFT_VERSION = 5.0;
				TARGETED_DEVICE_FAMILY = "1,2";
			};
			name = Release;
		};
/* End XCBuildConfiguration section */

/* Begin XCConfigurationList section */
		DD31783A2A2800010095AB30 /* Build configuration list for PBXProject "TwitterClone" */ = {
			isa = XCConfigurationList;
			buildConfigurations = (
				DD31784B2A2800020095AB30 /* Debug */,
				DD31784C2A2800020095AB30 /* Release */,
			);
			defaultConfigurationIsVisible = 0;
			defaultConfigurationName = Release;
		};
		DD31784D2A2800020095AB30 /* Build configuration list for PBXNativeTarget "TwitterClone" */ = {
			isa = XCConfigurationList;
			buildConfigurations = (
				DD31784E2A2800020095AB30 /* Debug */,
				DD31784F2A2800020095AB30 /* Release */,
			);
			defaultConfigurationIsVisible = 0;
			defaultConfigurationName = Release;
		};
/* End XCConfigurationList section */

/* Begin XCRemoteSwiftPackageReference section */
		DD6775992A33E3EF00202AA2 /* XCRemoteSwiftPackageReference "firebase-ios-sdk" */ = {
			isa = XCRemoteSwiftPackageReference;
			repositoryURL = "https://github.com/firebase/firebase-ios-sdk";
			requirement = {
				kind = upToNextMajorVersion;
				minimumVersion = 10.0.0;
			};
		};
		DD9F54A02A3B2F8300189C1F /* XCRemoteSwiftPackageReference "Kingfisher" */ = {
			isa = XCRemoteSwiftPackageReference;
			repositoryURL = "https://github.com/onevcat/Kingfisher.git";
			requirement = {
				kind = upToNextMajorVersion;
				minimumVersion = 7.0.0;
			};
		};
/* End XCRemoteSwiftPackageReference section */

/* Begin XCSwiftPackageProductDependency section */
		DD67759A2A33E3EF00202AA2 /* FirebaseAuth */ = {
			isa = XCSwiftPackageProductDependency;
			package = DD6775992A33E3EF00202AA2 /* XCRemoteSwiftPackageReference "firebase-ios-sdk" */;
			productName = FirebaseAuth;
		};
		DD67759C2A33E3EF00202AA2 /* FirebaseFirestore */ = {
			isa = XCSwiftPackageProductDependency;
			package = DD6775992A33E3EF00202AA2 /* XCRemoteSwiftPackageReference "firebase-ios-sdk" */;
			productName = FirebaseFirestore;
		};
		DD67759E2A33E3EF00202AA2 /* FirebaseFirestoreSwift */ = {
			isa = XCSwiftPackageProductDependency;
			package = DD6775992A33E3EF00202AA2 /* XCRemoteSwiftPackageReference "firebase-ios-sdk" */;
			productName = FirebaseFirestoreSwift;
		};
		DD6775A02A33E3EF00202AA2 /* FirebaseStorage */ = {
			isa = XCSwiftPackageProductDependency;
			package = DD6775992A33E3EF00202AA2 /* XCRemoteSwiftPackageReference "firebase-ios-sdk" */;
			productName = FirebaseStorage;
		};
		DD9F54A12A3B2F8300189C1F /* Kingfisher */ = {
			isa = XCSwiftPackageProductDependency;
			package = DD9F54A02A3B2F8300189C1F /* XCRemoteSwiftPackageReference "Kingfisher" */;
			productName = Kingfisher;
		};
/* End XCSwiftPackageProductDependency section */
	};
	rootObject = DD3178372A2800010095AB30 /* Project object */;
}
